// !$*UTF8*$!
{
	archiveVersion = 1;
	classes = {
	};
	objectVersion = 56;
	objects = {

/* Begin PBXBuildFile section */
		059448C32D0804A400E11B77 /* ProfilePageView.swift in Sources */ = {isa = PBXBuildFile; fileRef = 059448C22D0804A400E11B77 /* ProfilePageView.swift */; };
		059448C52D0813AF00E11B77 /* ButtonSecondary.swift in Sources */ = {isa = PBXBuildFile; fileRef = 059448C42D0813AF00E11B77 /* ButtonSecondary.swift */; };
		059448C72D0848EB00E11B77 /* HeaderPrimary.swift in Sources */ = {isa = PBXBuildFile; fileRef = 059448C62D0848EB00E11B77 /* HeaderPrimary.swift */; };
		05B626B72D02AAFA00DE12CD /* Main.swift in Sources */ = {isa = PBXBuildFile; fileRef = 05B626B62D02AAFA00DE12CD /* Main.swift */; };
		05B626BD2D02AC0700DE12CD /* Utility.swift in Sources */ = {isa = PBXBuildFile; fileRef = 05B626BC2D02AC0700DE12CD /* Utility.swift */; };
		05B626BF2D02ACFA00DE12CD /* SignInView.swift in Sources */ = {isa = PBXBuildFile; fileRef = 05B626BE2D02ACFA00DE12CD /* SignInView.swift */; };
		05B626C12D02AD8600DE12CD /* SignUpView.swift in Sources */ = {isa = PBXBuildFile; fileRef = 05B626C02D02AD8600DE12CD /* SignUpView.swift */; };
		05B626C32D02ADC100DE12CD /* ButtonPrimary.swift in Sources */ = {isa = PBXBuildFile; fileRef = 05B626C22D02ADC100DE12CD /* ButtonPrimary.swift */; };
		05B626C52D02AE0700DE12CD /* TextFieldPrimary.swift in Sources */ = {isa = PBXBuildFile; fileRef = 05B626C42D02AE0700DE12CD /* TextFieldPrimary.swift */; };
		05B626C72D02B46500DE12CD /* HomePageView.swift in Sources */ = {isa = PBXBuildFile; fileRef = 05B626C62D02B46500DE12CD /* HomePageView.swift */; };
		05B6275C2D04380400DE12CD /* SubjectPrimary.swift in Sources */ = {isa = PBXBuildFile; fileRef = 05B6275B2D04380400DE12CD /* SubjectPrimary.swift */; };
		05B64F0E2D0814C900CBB047 /* StartButtonPrimary.swift in Sources */ = {isa = PBXBuildFile; fileRef = 05B64F0D2D0814C900CBB047 /* StartButtonPrimary.swift */; };
		05B64F8A2D081E8E00CBB047 /* NumberButtonPrimary.swift in Sources */ = {isa = PBXBuildFile; fileRef = 05B64F892D081E8E00CBB047 /* NumberButtonPrimary.swift */; };
		05B64F8C2D0822D100CBB047 /* AnswerButtonPrimary.swift in Sources */ = {isa = PBXBuildFile; fileRef = 05B64F8B2D0822D100CBB047 /* AnswerButtonPrimary.swift */; };
		05B64F8E2D082C4100CBB047 /* LessonLayoutPrimary.swift in Sources */ = {isa = PBXBuildFile; fileRef = 05B64F8D2D082C4100CBB047 /* LessonLayoutPrimary.swift */; };
		05B64F902D083B1200CBB047 /* SubjectPageView.swift in Sources */ = {isa = PBXBuildFile; fileRef = 05B64F8F2D083B1200CBB047 /* SubjectPageView.swift */; };
		05B64F922D083C5200CBB047 /* User.swift in Sources */ = {isa = PBXBuildFile; fileRef = 05B64F912D083C5200CBB047 /* User.swift */; };
		05B64F942D083D7900CBB047 /* Question.swift in Sources */ = {isa = PBXBuildFile; fileRef = 05B64F932D083D7900CBB047 /* Question.swift */; };
		05B64F962D083DEC00CBB047 /* Chapter.swift in Sources */ = {isa = PBXBuildFile; fileRef = 05B64F952D083DEC00CBB047 /* Chapter.swift */; };
		05B64F982D083E2800CBB047 /* Subject.swift in Sources */ = {isa = PBXBuildFile; fileRef = 05B64F972D083E2800CBB047 /* Subject.swift */; };
		05B64F9C2D083F3000CBB047 /* Grade.swift in Sources */ = {isa = PBXBuildFile; fileRef = 05B64F9B2D083F3000CBB047 /* Grade.swift */; };
		05B64F9E2D08473200CBB047 /* TempData.swift in Sources */ = {isa = PBXBuildFile; fileRef = 05B64F9D2D08473200CBB047 /* TempData.swift */; };
		05B64FA02D084C8C00CBB047 /* StartLessonButtonPrimary.swift in Sources */ = {isa = PBXBuildFile; fileRef = 05B64F9F2D084C8C00CBB047 /* StartLessonButtonPrimary.swift */; };
		05B64FA22D0851F100CBB047 /* QuestionPageView.swift in Sources */ = {isa = PBXBuildFile; fileRef = 05B64FA12D0851F100CBB047 /* QuestionPageView.swift */; };
		05D729002CE839EB00025751 /* GradeUpApp.swift in Sources */ = {isa = PBXBuildFile; fileRef = 05D728FF2CE839EB00025751 /* GradeUpApp.swift */; };
		05D729062CE839F800025751 /* Assets.xcassets in Resources */ = {isa = PBXBuildFile; fileRef = 05D729052CE839F800025751 /* Assets.xcassets */; };
		05D729092CE839F800025751 /* Preview Assets.xcassets in Resources */ = {isa = PBXBuildFile; fileRef = 05D729082CE839F800025751 /* Preview Assets.xcassets */; };
		05F8E01B2D06DEEF004C2500 /* DropDownPrimary.swift in Sources */ = {isa = PBXBuildFile; fileRef = 05F8E01A2D06DEEF004C2500 /* DropDownPrimary.swift */; };
/* End PBXBuildFile section */

/* Begin PBXFileReference section */
		059448C22D0804A400E11B77 /* ProfilePageView.swift */ = {isa = PBXFileReference; lastKnownFileType = sourcecode.swift; path = ProfilePageView.swift; sourceTree = "<group>"; };
		059448C42D0813AF00E11B77 /* ButtonSecondary.swift */ = {isa = PBXFileReference; lastKnownFileType = sourcecode.swift; path = ButtonSecondary.swift; sourceTree = "<group>"; };
		059448C62D0848EB00E11B77 /* HeaderPrimary.swift */ = {isa = PBXFileReference; lastKnownFileType = sourcecode.swift; path = HeaderPrimary.swift; sourceTree = "<group>"; };
		05B626B62D02AAFA00DE12CD /* Main.swift */ = {isa = PBXFileReference; lastKnownFileType = sourcecode.swift; path = Main.swift; sourceTree = "<group>"; };
		05B626BC2D02AC0700DE12CD /* Utility.swift */ = {isa = PBXFileReference; lastKnownFileType = sourcecode.swift; name = Utility.swift; path = View/Utility.swift; sourceTree = "<group>"; };
		05B626BE2D02ACFA00DE12CD /* SignInView.swift */ = {isa = PBXFileReference; lastKnownFileType = sourcecode.swift; path = SignInView.swift; sourceTree = "<group>"; };
		05B626C02D02AD8600DE12CD /* SignUpView.swift */ = {isa = PBXFileReference; lastKnownFileType = sourcecode.swift; path = SignUpView.swift; sourceTree = "<group>"; };
		05B626C22D02ADC100DE12CD /* ButtonPrimary.swift */ = {isa = PBXFileReference; lastKnownFileType = sourcecode.swift; path = ButtonPrimary.swift; sourceTree = "<group>"; };
		05B626C42D02AE0700DE12CD /* TextFieldPrimary.swift */ = {isa = PBXFileReference; lastKnownFileType = sourcecode.swift; path = TextFieldPrimary.swift; sourceTree = "<group>"; };
		05B626C62D02B46500DE12CD /* HomePageView.swift */ = {isa = PBXFileReference; lastKnownFileType = sourcecode.swift; path = HomePageView.swift; sourceTree = "<group>"; };
		05B6275B2D04380400DE12CD /* SubjectPrimary.swift */ = {isa = PBXFileReference; fileEncoding = 4; lastKnownFileType = sourcecode.swift; path = SubjectPrimary.swift; sourceTree = "<group>"; };
		05B64F0D2D0814C900CBB047 /* StartButtonPrimary.swift */ = {isa = PBXFileReference; lastKnownFileType = sourcecode.swift; path = StartButtonPrimary.swift; sourceTree = "<group>"; };
		05B64F852D0816E500CBB047 /* Inter-VariableFont_opsz,wght.ttf */ = {isa = PBXFileReference; lastKnownFileType = file; name = "Inter-VariableFont_opsz,wght.ttf"; path = "../../../../Library/Fonts/Inter-VariableFont_opsz,wght.ttf"; sourceTree = "<group>"; };
		05B64F872D08170700CBB047 /* Inter-VariableFont_opsz,wght.ttf */ = {isa = PBXFileReference; lastKnownFileType = file; name = "Inter-VariableFont_opsz,wght.ttf"; path = "../../../Inter/Inter-VariableFont_opsz,wght.ttf"; sourceTree = "<group>"; };
		05B64F892D081E8E00CBB047 /* NumberButtonPrimary.swift */ = {isa = PBXFileReference; lastKnownFileType = sourcecode.swift; path = NumberButtonPrimary.swift; sourceTree = "<group>"; };
		05B64F8B2D0822D100CBB047 /* AnswerButtonPrimary.swift */ = {isa = PBXFileReference; lastKnownFileType = sourcecode.swift; path = AnswerButtonPrimary.swift; sourceTree = "<group>"; };
		05B64F8D2D082C4100CBB047 /* LessonLayoutPrimary.swift */ = {isa = PBXFileReference; lastKnownFileType = sourcecode.swift; path = LessonLayoutPrimary.swift; sourceTree = "<group>"; };
		05B64F8F2D083B1200CBB047 /* SubjectPageView.swift */ = {isa = PBXFileReference; lastKnownFileType = sourcecode.swift; path = SubjectPageView.swift; sourceTree = "<group>"; };
		05B64F912D083C5200CBB047 /* User.swift */ = {isa = PBXFileReference; lastKnownFileType = sourcecode.swift; name = User.swift; path = GradeUp/View/User.swift; sourceTree = SOURCE_ROOT; };
		05B64F932D083D7900CBB047 /* Question.swift */ = {isa = PBXFileReference; lastKnownFileType = sourcecode.swift; name = Question.swift; path = GradeUp/View/Question.swift; sourceTree = SOURCE_ROOT; };
		05B64F952D083DEC00CBB047 /* Chapter.swift */ = {isa = PBXFileReference; lastKnownFileType = sourcecode.swift; name = Chapter.swift; path = GradeUp/View/Chapter.swift; sourceTree = SOURCE_ROOT; };
		05B64F972D083E2800CBB047 /* Subject.swift */ = {isa = PBXFileReference; lastKnownFileType = sourcecode.swift; name = Subject.swift; path = GradeUp/View/Subject.swift; sourceTree = SOURCE_ROOT; };
		05B64F9B2D083F3000CBB047 /* Grade.swift */ = {isa = PBXFileReference; lastKnownFileType = sourcecode.swift; name = Grade.swift; path = GradeUp/View/Grade.swift; sourceTree = SOURCE_ROOT; };
		05B64F9D2D08473200CBB047 /* TempData.swift */ = {isa = PBXFileReference; lastKnownFileType = sourcecode.swift; path = TempData.swift; sourceTree = "<group>"; };
		05B64F9F2D084C8C00CBB047 /* StartLessonButtonPrimary.swift */ = {isa = PBXFileReference; lastKnownFileType = sourcecode.swift; path = StartLessonButtonPrimary.swift; sourceTree = "<group>"; };
		05B64FA12D0851F100CBB047 /* QuestionPageView.swift */ = {isa = PBXFileReference; lastKnownFileType = sourcecode.swift; path = QuestionPageView.swift; sourceTree = "<group>"; };
		05D728FC2CE839EB00025751 /* GradeUp.app */ = {isa = PBXFileReference; explicitFileType = wrapper.application; includeInIndex = 0; path = GradeUp.app; sourceTree = BUILT_PRODUCTS_DIR; };
		05D728FF2CE839EB00025751 /* GradeUpApp.swift */ = {isa = PBXFileReference; lastKnownFileType = sourcecode.swift; path = GradeUpApp.swift; sourceTree = "<group>"; };
		05D729052CE839F800025751 /* Assets.xcassets */ = {isa = PBXFileReference; lastKnownFileType = folder.assetcatalog; path = Assets.xcassets; sourceTree = "<group>"; };
		05D729082CE839F800025751 /* Preview Assets.xcassets */ = {isa = PBXFileReference; lastKnownFileType = folder.assetcatalog; path = "Preview Assets.xcassets"; sourceTree = "<group>"; };
		05F8E01A2D06DEEF004C2500 /* DropDownPrimary.swift */ = {isa = PBXFileReference; lastKnownFileType = sourcecode.swift; path = DropDownPrimary.swift; sourceTree = "<group>"; };
/* End PBXFileReference section */

/* Begin PBXFrameworksBuildPhase section */
		05D728F92CE839EB00025751 /* Frameworks */ = {
			isa = PBXFrameworksBuildPhase;
			buildActionMask = 2147483647;
			files = (
			);
			runOnlyForDeploymentPostprocessing = 0;
		};
/* End PBXFrameworksBuildPhase section */

/* Begin PBXGroup section */
		05B626B12D02AA5900DE12CD /* View */ = {
			isa = PBXGroup;
			children = (
				05B626BE2D02ACFA00DE12CD /* SignInView.swift */,
				05B626C02D02AD8600DE12CD /* SignUpView.swift */,
				05B626C62D02B46500DE12CD /* HomePageView.swift */,
				059448C22D0804A400E11B77 /* ProfilePageView.swift */,
				05B64F8F2D083B1200CBB047 /* SubjectPageView.swift */,
				05B64FA12D0851F100CBB047 /* QuestionPageView.swift */,
			);
			path = View;
			sourceTree = "<group>";
		};
		05B626B22D02AA6E00DE12CD /* Component */ = {
			isa = PBXGroup;
			children = (
				05B626C22D02ADC100DE12CD /* ButtonPrimary.swift */,
				05B6275B2D04380400DE12CD /* SubjectPrimary.swift */,
				05B626C42D02AE0700DE12CD /* TextFieldPrimary.swift */,
				05B64F8B2D0822D100CBB047 /* AnswerButtonPrimary.swift */,
				05F8E01A2D06DEEF004C2500 /* DropDownPrimary.swift */,
				05B64F8D2D082C4100CBB047 /* LessonLayoutPrimary.swift */,
				05B64F0D2D0814C900CBB047 /* StartButtonPrimary.swift */,
				05B64F9F2D084C8C00CBB047 /* StartLessonButtonPrimary.swift */,
				05B64F892D081E8E00CBB047 /* NumberButtonPrimary.swift */,
				059448C42D0813AF00E11B77 /* ButtonSecondary.swift */,
				059448C62D0848EB00E11B77 /* HeaderPrimary.swift */,
			);
			path = Component;
			sourceTree = "<group>";
		};
		05B626B32D02AA7C00DE12CD /* Model */ = {
			isa = PBXGroup;
			children = (
				05B64F912D083C5200CBB047 /* User.swift */,
				05B64F9B2D083F3000CBB047 /* Grade.swift */,
				05B64F972D083E2800CBB047 /* Subject.swift */,
				05B64F952D083DEC00CBB047 /* Chapter.swift */,
				05B64F932D083D7900CBB047 /* Question.swift */,
			);
			path = Model;
			sourceTree = "<group>";
		};
		05D728F32CE839EB00025751 = {
			isa = PBXGroup;
			children = (
				05D728FE2CE839EB00025751 /* GradeUp */,
				05D728FD2CE839EB00025751 /* Products */,
			);
			sourceTree = "<group>";
		};
		05D728FD2CE839EB00025751 /* Products */ = {
			isa = PBXGroup;
			children = (
				05D728FC2CE839EB00025751 /* GradeUp.app */,
			);
			name = Products;
			sourceTree = "<group>";
		};
		05D728FE2CE839EB00025751 /* GradeUp */ = {
			isa = PBXGroup;
			children = (
				05B626B32D02AA7C00DE12CD /* Model */,
				05B626B22D02AA6E00DE12CD /* Component */,
				05B626B12D02AA5900DE12CD /* View */,
				05B626BC2D02AC0700DE12CD /* Utility.swift */,
				05D728FF2CE839EB00025751 /* GradeUpApp.swift */,
				05B64F9D2D08473200CBB047 /* TempData.swift */,
				05B626B62D02AAFA00DE12CD /* Main.swift */,
				05D729052CE839F800025751 /* Assets.xcassets */,
				05D729072CE839F800025751 /* Preview Content */,
			);
			path = GradeUp;
			sourceTree = "<group>";
		};
		05D729072CE839F800025751 /* Preview Content */ = {
			isa = PBXGroup;
			children = (
				05B64F852D0816E500CBB047 /* Inter-VariableFont_opsz,wght.ttf */,
				05B64F872D08170700CBB047 /* Inter-VariableFont_opsz,wght.ttf */,
				05D729082CE839F800025751 /* Preview Assets.xcassets */,
			);
			path = "Preview Content";
			sourceTree = "<group>";
		};
/* End PBXGroup section */

/* Begin PBXNativeTarget section */
		05D728FB2CE839EB00025751 /* GradeUp */ = {
			isa = PBXNativeTarget;
			buildConfigurationList = 05D7290C2CE839F800025751 /* Build configuration list for PBXNativeTarget "GradeUp" */;
			buildPhases = (
				05D728F82CE839EB00025751 /* Sources */,
				05D728F92CE839EB00025751 /* Frameworks */,
				05D728FA2CE839EB00025751 /* Resources */,
			);
			buildRules = (
			);
			dependencies = (
			);
			name = GradeUp;
			productName = GradeUp;
			productReference = 05D728FC2CE839EB00025751 /* GradeUp.app */;
			productType = "com.apple.product-type.application";
		};
/* End PBXNativeTarget section */

/* Begin PBXProject section */
		05D728F42CE839EB00025751 /* Project object */ = {
			isa = PBXProject;
			attributes = {
				BuildIndependentTargetsInParallel = 1;
				LastSwiftUpdateCheck = 1540;
				LastUpgradeCheck = 1540;
				TargetAttributes = {
					05D728FB2CE839EB00025751 = {
						CreatedOnToolsVersion = 15.4;
					};
				};
			};
			buildConfigurationList = 05D728F72CE839EB00025751 /* Build configuration list for PBXProject "GradeUp" */;
			compatibilityVersion = "Xcode 14.0";
			developmentRegion = en;
			hasScannedForEncodings = 0;
			knownRegions = (
				en,
				Base,
			);
			mainGroup = 05D728F32CE839EB00025751;
			productRefGroup = 05D728FD2CE839EB00025751 /* Products */;
			projectDirPath = "";
			projectRoot = "";
			targets = (
				05D728FB2CE839EB00025751 /* GradeUp */,
			);
		};
/* End PBXProject section */

/* Begin PBXResourcesBuildPhase section */
		05D728FA2CE839EB00025751 /* Resources */ = {
			isa = PBXResourcesBuildPhase;
			buildActionMask = 2147483647;
			files = (
				05D729092CE839F800025751 /* Preview Assets.xcassets in Resources */,
				05D729062CE839F800025751 /* Assets.xcassets in Resources */,
			);
			runOnlyForDeploymentPostprocessing = 0;
		};
/* End PBXResourcesBuildPhase section */

/* Begin PBXSourcesBuildPhase section */
		05D728F82CE839EB00025751 /* Sources */ = {
			isa = PBXSourcesBuildPhase;
			buildActionMask = 2147483647;
			files = (
				05B626C32D02ADC100DE12CD /* ButtonPrimary.swift in Sources */,
				05B64F8A2D081E8E00CBB047 /* NumberButtonPrimary.swift in Sources */,
				059448C32D0804A400E11B77 /* ProfilePageView.swift in Sources */,
				05B626BD2D02AC0700DE12CD /* Utility.swift in Sources */,
				05F8E01B2D06DEEF004C2500 /* DropDownPrimary.swift in Sources */,
				059448C52D0813AF00E11B77 /* ButtonSecondary.swift in Sources */,
				05B626C12D02AD8600DE12CD /* SignUpView.swift in Sources */,
				05B626B72D02AAFA00DE12CD /* Main.swift in Sources */,
				05B64F0E2D0814C900CBB047 /* StartButtonPrimary.swift in Sources */,
				05B64F8C2D0822D100CBB047 /* AnswerButtonPrimary.swift in Sources */,
				059448C72D0848EB00E11B77 /* HeaderPrimary.swift in Sources */,
				05B64F8E2D082C4100CBB047 /* LessonLayoutPrimary.swift in Sources */,
				05B64F962D083DEC00CBB047 /* Chapter.swift in Sources */,
				05B64F902D083B1200CBB047 /* SubjectPageView.swift in Sources */,
				05B64F9E2D08473200CBB047 /* TempData.swift in Sources */,
				05B626C52D02AE0700DE12CD /* TextFieldPrimary.swift in Sources */,
				05B64F942D083D7900CBB047 /* Question.swift in Sources */,
				05B6275C2D04380400DE12CD /* SubjectPrimary.swift in Sources */,
				05B64F982D083E2800CBB047 /* Subject.swift in Sources */,
				05B64F922D083C5200CBB047 /* User.swift in Sources */,
				05B64FA02D084C8C00CBB047 /* StartLessonButtonPrimary.swift in Sources */,
				05B626BF2D02ACFA00DE12CD /* SignInView.swift in Sources */,
				05B64F9C2D083F3000CBB047 /* Grade.swift in Sources */,
				05B626C72D02B46500DE12CD /* HomePageView.swift in Sources */,
				05D729002CE839EB00025751 /* GradeUpApp.swift in Sources */,
				05B64FA22D0851F100CBB047 /* QuestionPageView.swift in Sources */,
			);
			runOnlyForDeploymentPostprocessing = 0;
		};
/* End PBXSourcesBuildPhase section */

/* Begin XCBuildConfiguration section */
		05D7290A2CE839F800025751 /* Debug */ = {
			isa = XCBuildConfiguration;
			buildSettings = {
				ALWAYS_SEARCH_USER_PATHS = NO;
				ASSETCATALOG_COMPILER_GENERATE_SWIFT_ASSET_SYMBOL_EXTENSIONS = YES;
				CLANG_ANALYZER_NONNULL = YES;
				CLANG_ANALYZER_NUMBER_OBJECT_CONVERSION = YES_AGGRESSIVE;
				CLANG_CXX_LANGUAGE_STANDARD = "gnu++20";
				CLANG_ENABLE_MODULES = YES;
				CLANG_ENABLE_OBJC_ARC = YES;
				CLANG_ENABLE_OBJC_WEAK = YES;
				CLANG_WARN_BLOCK_CAPTURE_AUTORELEASING = YES;
				CLANG_WARN_BOOL_CONVERSION = YES;
				CLANG_WARN_COMMA = YES;
				CLANG_WARN_CONSTANT_CONVERSION = YES;
				CLANG_WARN_DEPRECATED_OBJC_IMPLEMENTATIONS = YES;
				CLANG_WARN_DIRECT_OBJC_ISA_USAGE = YES_ERROR;
				CLANG_WARN_DOCUMENTATION_COMMENTS = YES;
				CLANG_WARN_EMPTY_BODY = YES;
				CLANG_WARN_ENUM_CONVERSION = YES;
				CLANG_WARN_INFINITE_RECURSION = YES;
				CLANG_WARN_INT_CONVERSION = YES;
				CLANG_WARN_NON_LITERAL_NULL_CONVERSION = YES;
				CLANG_WARN_OBJC_IMPLICIT_RETAIN_SELF = YES;
				CLANG_WARN_OBJC_LITERAL_CONVERSION = YES;
				CLANG_WARN_OBJC_ROOT_CLASS = YES_ERROR;
				CLANG_WARN_QUOTED_INCLUDE_IN_FRAMEWORK_HEADER = YES;
				CLANG_WARN_RANGE_LOOP_ANALYSIS = YES;
				CLANG_WARN_STRICT_PROTOTYPES = YES;
				CLANG_WARN_SUSPICIOUS_MOVE = YES;
				CLANG_WARN_UNGUARDED_AVAILABILITY = YES_AGGRESSIVE;
				CLANG_WARN_UNREACHABLE_CODE = YES;
				CLANG_WARN__DUPLICATE_METHOD_MATCH = YES;
				COPY_PHASE_STRIP = NO;
				DEBUG_INFORMATION_FORMAT = dwarf;
				ENABLE_STRICT_OBJC_MSGSEND = YES;
				ENABLE_TESTABILITY = YES;
				ENABLE_USER_SCRIPT_SANDBOXING = YES;
				GCC_C_LANGUAGE_STANDARD = gnu17;
				GCC_DYNAMIC_NO_PIC = NO;
				GCC_NO_COMMON_BLOCKS = YES;
				GCC_OPTIMIZATION_LEVEL = 0;
				GCC_PREPROCESSOR_DEFINITIONS = (
					"DEBUG=1",
					"$(inherited)",
				);
				GCC_WARN_64_TO_32_BIT_CONVERSION = YES;
				GCC_WARN_ABOUT_RETURN_TYPE = YES_ERROR;
				GCC_WARN_UNDECLARED_SELECTOR = YES;
				GCC_WARN_UNINITIALIZED_AUTOS = YES_AGGRESSIVE;
				GCC_WARN_UNUSED_FUNCTION = YES;
				GCC_WARN_UNUSED_VARIABLE = YES;
				IPHONEOS_DEPLOYMENT_TARGET = 17.5;
				LOCALIZATION_PREFERS_STRING_CATALOGS = YES;
				MTL_ENABLE_DEBUG_INFO = INCLUDE_SOURCE;
				MTL_FAST_MATH = YES;
				ONLY_ACTIVE_ARCH = YES;
				SDKROOT = iphoneos;
				SWIFT_ACTIVE_COMPILATION_CONDITIONS = "DEBUG $(inherited)";
				SWIFT_OPTIMIZATION_LEVEL = "-Onone";
			};
			name = Debug;
		};
		05D7290B2CE839F800025751 /* Release */ = {
			isa = XCBuildConfiguration;
			buildSettings = {
				ALWAYS_SEARCH_USER_PATHS = NO;
				ASSETCATALOG_COMPILER_GENERATE_SWIFT_ASSET_SYMBOL_EXTENSIONS = YES;
				CLANG_ANALYZER_NONNULL = YES;
				CLANG_ANALYZER_NUMBER_OBJECT_CONVERSION = YES_AGGRESSIVE;
				CLANG_CXX_LANGUAGE_STANDARD = "gnu++20";
				CLANG_ENABLE_MODULES = YES;
				CLANG_ENABLE_OBJC_ARC = YES;
				CLANG_ENABLE_OBJC_WEAK = YES;
				CLANG_WARN_BLOCK_CAPTURE_AUTORELEASING = YES;
				CLANG_WARN_BOOL_CONVERSION = YES;
				CLANG_WARN_COMMA = YES;
				CLANG_WARN_CONSTANT_CONVERSION = YES;
				CLANG_WARN_DEPRECATED_OBJC_IMPLEMENTATIONS = YES;
				CLANG_WARN_DIRECT_OBJC_ISA_USAGE = YES_ERROR;
				CLANG_WARN_DOCUMENTATION_COMMENTS = YES;
				CLANG_WARN_EMPTY_BODY = YES;
				CLANG_WARN_ENUM_CONVERSION = YES;
				CLANG_WARN_INFINITE_RECURSION = YES;
				CLANG_WARN_INT_CONVERSION = YES;
				CLANG_WARN_NON_LITERAL_NULL_CONVERSION = YES;
				CLANG_WARN_OBJC_IMPLICIT_RETAIN_SELF = YES;
				CLANG_WARN_OBJC_LITERAL_CONVERSION = YES;
				CLANG_WARN_OBJC_ROOT_CLASS = YES_ERROR;
				CLANG_WARN_QUOTED_INCLUDE_IN_FRAMEWORK_HEADER = YES;
				CLANG_WARN_RANGE_LOOP_ANALYSIS = YES;
				CLANG_WARN_STRICT_PROTOTYPES = YES;
				CLANG_WARN_SUSPICIOUS_MOVE = YES;
				CLANG_WARN_UNGUARDED_AVAILABILITY = YES_AGGRESSIVE;
				CLANG_WARN_UNREACHABLE_CODE = YES;
				CLANG_WARN__DUPLICATE_METHOD_MATCH = YES;
				COPY_PHASE_STRIP = NO;
				DEBUG_INFORMATION_FORMAT = "dwarf-with-dsym";
				ENABLE_NS_ASSERTIONS = NO;
				ENABLE_STRICT_OBJC_MSGSEND = YES;
				ENABLE_USER_SCRIPT_SANDBOXING = YES;
				GCC_C_LANGUAGE_STANDARD = gnu17;
				GCC_NO_COMMON_BLOCKS = YES;
				GCC_WARN_64_TO_32_BIT_CONVERSION = YES;
				GCC_WARN_ABOUT_RETURN_TYPE = YES_ERROR;
				GCC_WARN_UNDECLARED_SELECTOR = YES;
				GCC_WARN_UNINITIALIZED_AUTOS = YES_AGGRESSIVE;
				GCC_WARN_UNUSED_FUNCTION = YES;
				GCC_WARN_UNUSED_VARIABLE = YES;
				IPHONEOS_DEPLOYMENT_TARGET = 17.5;
				LOCALIZATION_PREFERS_STRING_CATALOGS = YES;
				MTL_ENABLE_DEBUG_INFO = NO;
				MTL_FAST_MATH = YES;
				SDKROOT = iphoneos;
				SWIFT_COMPILATION_MODE = wholemodule;
				VALIDATE_PRODUCT = YES;
			};
			name = Release;
		};
		05D7290D2CE839F800025751 /* Debug */ = {
			isa = XCBuildConfiguration;
			buildSettings = {
				ASSETCATALOG_COMPILER_APPICON_NAME = AppIcon;
				ASSETCATALOG_COMPILER_GLOBAL_ACCENT_COLOR_NAME = AccentColor;
				CODE_SIGN_STYLE = Automatic;
				CURRENT_PROJECT_VERSION = 1;
				DEVELOPMENT_ASSET_PATHS = "\"GradeUp/Preview Content\"";
				ENABLE_PREVIEWS = YES;
				GENERATE_INFOPLIST_FILE = YES;
				INFOPLIST_KEY_UIApplicationSceneManifest_Generation = YES;
				INFOPLIST_KEY_UIApplicationSupportsIndirectInputEvents = YES;
				INFOPLIST_KEY_UILaunchScreen_Generation = YES;
				INFOPLIST_KEY_UISupportedInterfaceOrientations_iPad = "UIInterfaceOrientationPortrait UIInterfaceOrientationPortraitUpsideDown UIInterfaceOrientationLandscapeLeft UIInterfaceOrientationLandscapeRight";
				INFOPLIST_KEY_UISupportedInterfaceOrientations_iPhone = "UIInterfaceOrientationPortrait UIInterfaceOrientationLandscapeLeft UIInterfaceOrientationLandscapeRight";
				LD_RUNPATH_SEARCH_PATHS = (
					"$(inherited)",
					"@executable_path/Frameworks",
				);
				MARKETING_VERSION = 1.0;
				PRODUCT_BUNDLE_IDENTIFIER = com.binus.GradeUp;
				PRODUCT_NAME = "$(TARGET_NAME)";
				SWIFT_EMIT_LOC_STRINGS = YES;
				SWIFT_VERSION = 5.0;
				TARGETED_DEVICE_FAMILY = "1,2";
			};
			name = Debug;
		};
		05D7290E2CE839F800025751 /* Release */ = {
			isa = XCBuildConfiguration;
			buildSettings = {
				ASSETCATALOG_COMPILER_APPICON_NAME = AppIcon;
				ASSETCATALOG_COMPILER_GLOBAL_ACCENT_COLOR_NAME = AccentColor;
				CODE_SIGN_STYLE = Automatic;
				CURRENT_PROJECT_VERSION = 1;
				DEVELOPMENT_ASSET_PATHS = "\"GradeUp/Preview Content\"";
				ENABLE_PREVIEWS = YES;
				GENERATE_INFOPLIST_FILE = YES;
				INFOPLIST_KEY_UIApplicationSceneManifest_Generation = YES;
				INFOPLIST_KEY_UIApplicationSupportsIndirectInputEvents = YES;
				INFOPLIST_KEY_UILaunchScreen_Generation = YES;
				INFOPLIST_KEY_UISupportedInterfaceOrientations_iPad = "UIInterfaceOrientationPortrait UIInterfaceOrientationPortraitUpsideDown UIInterfaceOrientationLandscapeLeft UIInterfaceOrientationLandscapeRight";
				INFOPLIST_KEY_UISupportedInterfaceOrientations_iPhone = "UIInterfaceOrientationPortrait UIInterfaceOrientationLandscapeLeft UIInterfaceOrientationLandscapeRight";
				LD_RUNPATH_SEARCH_PATHS = (
					"$(inherited)",
					"@executable_path/Frameworks",
				);
				MARKETING_VERSION = 1.0;
				PRODUCT_BUNDLE_IDENTIFIER = com.binus.GradeUp;
				PRODUCT_NAME = "$(TARGET_NAME)";
				SWIFT_EMIT_LOC_STRINGS = YES;
				SWIFT_VERSION = 5.0;
				TARGETED_DEVICE_FAMILY = "1,2";
			};
			name = Release;
		};
/* End XCBuildConfiguration section */

/* Begin XCConfigurationList section */
		05D728F72CE839EB00025751 /* Build configuration list for PBXProject "GradeUp" */ = {
			isa = XCConfigurationList;
			buildConfigurations = (
				05D7290A2CE839F800025751 /* Debug */,
				05D7290B2CE839F800025751 /* Release */,
			);
			defaultConfigurationIsVisible = 0;
			defaultConfigurationName = Release;
		};
		05D7290C2CE839F800025751 /* Build configuration list for PBXNativeTarget "GradeUp" */ = {
			isa = XCConfigurationList;
			buildConfigurations = (
				05D7290D2CE839F800025751 /* Debug */,
				05D7290E2CE839F800025751 /* Release */,
			);
			defaultConfigurationIsVisible = 0;
			defaultConfigurationName = Release;
		};
/* End XCConfigurationList section */
	};
	rootObject = 05D728F42CE839EB00025751 /* Project object */;
}
